
Microsoft Visual Studio Solution File, Format Version 11.00
# Visual C++ Express 2010
Project("{8BC9CEB8-8B4A-11D0-8D11-00A0C91BC942}") = "힙", "힙\힙.vcxproj", "{E8B3D378-6E28-4AF4-975C-E5F5365984D7}"
EndProject
Global
	GlobalSection(SolutionConfigurationPlatforms) = preSolution
		Debug|Win32 = Debug|Win32
		Release|Win32 = Release|Win32
	EndGlobalSection
	GlobalSection(ProjectConfigurationPlatforms) = postSolution
		{E8B3D378-6E28-4AF4-975C-E5F5365984D7}.Debug|Win32.ActiveCfg = Debug|Win32
		{E8B3D378-6E28-4AF4-975C-E5F5365984D7}.Debug|Win32.Build.0 = Debug|Win32
		{E8B3D378-6E28-4AF4-975C-E5F5365984D7}.Release|Win32.ActiveCfg = Release|Win32
		{E8B3D378-6E28-4AF4-975C-E5F5365984D7}.Release|Win32.Build.0 = Release|Win32
	EndGlobalSection
	GlobalSection(SolutionProperties) = preSolution
		HideSolutionNode = FALSE
	EndGlobalSection
EndGlobal
